{
  "name": "bun-ts-api",
  "lockfileVersion": 3,
  "requires": true,
  "packages": {
    "": {
      "name": "bun-ts-api",
      "dependencies": {
        "bun": "^1.1.18",
        "zod": "^3.22.4"
      },
      "devDependencies": {
        "@types/bun": "latest"
      },
      "peerDependencies": {
        "typescript": "^5.0.0"
      }
    },
    "node_modules/@oven/bun-darwin-aarch64": {
      "version": "1.1.18",
      "resolved": "https://registry.npmjs.org/@oven/bun-darwin-aarch64/-/bun-darwin-aarch64-1.1.18.tgz",
      "integrity": "sha512-2YMh1G+S5AxDqOEDh9i+9kc17887mkP/yzK/d5DQ0NyPt5uR2w5FKGaalPLDiu5w139y3LKBi+1eGba1oEJnyw==",
      "cpu": [
        "arm64"
      ],
      "optional": true,
      "os": [
        "darwin"
      ]
    },
    "node_modules/@oven/bun-darwin-x64": {
      "version": "1.1.18",
      "resolved": "https://registry.npmjs.org/@oven/bun-darwin-x64/-/bun-darwin-x64-1.1.18.tgz",
      "integrity": "sha512-ppeJpQqEXO6nfCneq2TXYFO/l1S/KYKTt3cintTiQxW0ISvj36vQcP/l0ln8BxEu46EnqulVKDrkTBAttv9sww==",
      "cpu": [
        "x64"
      ],
      "optional": true,
      "os": [
        "darwin"
      ]
    },
    "node_modules/@oven/bun-darwin-x64-baseline": {
      "version": "1.1.18",
      "resolved": "https://registry.npmjs.org/@oven/bun-darwin-x64-baseline/-/bun-darwin-x64-baseline-1.1.18.tgz",
      "integrity": "sha512-shwwfe9Yugpyr490FdjQ90O3JtETbszyUk4PBXQrbz3babPfhXGuVGewis8ORNYeb8zoWGo/adk4biby6kKwHA==",
      "cpu": [
        "x64"
      ],
      "optional": true,
      "os": [
        "darwin"
      ]
    },
    "node_modules/@oven/bun-linux-aarch64": {
      "version": "1.1.18",
      "resolved": "https://registry.npmjs.org/@oven/bun-linux-aarch64/-/bun-linux-aarch64-1.1.18.tgz",
      "integrity": "sha512-cDwqcGA/PiiqM8pQkZSRW0HbSh3r1hMsS2ew61d6FjjEI7HP+bwTuu0n0rGdzQKWTtb3PzzXvOkiFZywKS5Gzg==",
      "cpu": [
        "arm64"
      ],
      "optional": true,
      "os": [
        "linux"
      ]
    },
    "node_modules/@oven/bun-linux-x64": {
      "version": "1.1.18",
      "resolved": "https://registry.npmjs.org/@oven/bun-linux-x64/-/bun-linux-x64-1.1.18.tgz",
      "integrity": "sha512-oce0pELxlVhRO7clQGAkbo8vfxaCmRpf7Tu/Swn+T/wqeA5tew02HmsZAnDQqgYx8Z2/QpCOfF1SvLsdg7hR+A==",
      "cpu": [
        "x64"
      ],
      "optional": true,
      "os": [
        "linux"
      ]
    },
    "node_modules/@oven/bun-linux-x64-baseline": {
      "version": "1.1.18",
      "resolved": "https://registry.npmjs.org/@oven/bun-linux-x64-baseline/-/bun-linux-x64-baseline-1.1.18.tgz",
      "integrity": "sha512-hxnFwssve6M9i4phusIn9swFvQKwLI+9i2taWSotshp1axLXQ5ruIIE9WPKJGR0i+yuw5Q8HBCnUDDh5ZMp9rA==",
      "cpu": [
        "x64"
      ],
      "optional": true,
      "os": [
        "linux"
      ]
    },
    "node_modules/@oven/bun-windows-x64": {
      "version": "1.1.18",
      "resolved": "https://registry.npmjs.org/@oven/bun-windows-x64/-/bun-windows-x64-1.1.18.tgz",
      "integrity": "sha512-d639p5g8hrXyvFX3FK9EpsaoVEhMRThftmkueljjpYnYjMvIiMQ2crHtI2zwZ6yLEHvecaFXVXlocu2+jxia7g==",
      "cpu": [
        "x64"
      ],
      "optional": true,
      "os": [
        "win32"
      ]
    },
    "node_modules/@oven/bun-windows-x64-baseline": {
      "version": "1.1.18",
      "resolved": "https://registry.npmjs.org/@oven/bun-windows-x64-baseline/-/bun-windows-x64-baseline-1.1.18.tgz",
      "integrity": "sha512-Wlb55q9QbayO+7NvfYMnU8oaTPz1k2xMr7mm9+JOnG/I6q82HMvIQEG181bAhU1kcm5YcZZ5E0WMp2gX3NFsEw==",
      "cpu": [
        "x64"
      ],
      "optional": true,
      "os": [
        "win32"
      ]
    },
    "node_modules/@types/bun": {
      "version": "1.1.6",
      "resolved": "https://registry.npmjs.org/@types/bun/-/bun-1.1.6.tgz",
      "integrity": "sha512-uJgKjTdX0GkWEHZzQzFsJkWp5+43ZS7HC8sZPFnOwnSo1AsNl2q9o2bFeS23disNDqbggEgyFkKCHl/w8iZsMA==",
      "dev": true,
      "dependencies": {
        "bun-types": "1.1.17"
      }
    },
    "node_modules/@types/node": {
      "version": "20.12.14",
      "resolved": "https://registry.npmjs.org/@types/node/-/node-20.12.14.tgz",
      "integrity": "sha512-scnD59RpYD91xngrQQLGkE+6UrHUPzeKZWhhjBSa3HSkwjbQc38+q3RoIVEwxQGRw3M+j5hpNAM+lgV3cVormg==",
      "dev": true,
      "dependencies": {
        "undici-types": "~5.26.4"
      }
    },
    "node_modules/@types/ws": {
      "version": "8.5.10",
      "resolved": "https://registry.npmjs.org/@types/ws/-/ws-8.5.10.tgz",
      "integrity": "sha512-vmQSUcfalpIq0R9q7uTo2lXs6eGIpt9wtnLdMv9LVpIjCA/+ufZRozlVoVelIYixx1ugCBKDhn89vnsEGOCx9A==",
      "dev": true,
      "dependencies": {
        "@types/node": "*"
      }
    },
    "node_modules/bun": {
      "version": "1.1.18",
      "resolved": "https://registry.npmjs.org/bun/-/bun-1.1.18.tgz",
      "integrity": "sha512-bv1wLYtmkn6GCqYFsVO9xZzPvNaDlA3xHbtePGHMtXMqq8N/vo+L6b19LB4+I5RKXFAsSmgzonyh2oMExaaWcQ==",
      "cpu": [
        "arm64",
        "x64"
      ],
      "hasInstallScript": true,
      "os": [
        "darwin",
        "linux",
        "win32"
      ],
      "bin": {
        "bun": "bin/bun.exe",
        "bunx": "bin/bun.exe"
      },
      "optionalDependencies": {
        "@oven/bun-darwin-aarch64": "1.1.18",
        "@oven/bun-darwin-x64": "1.1.18",
        "@oven/bun-darwin-x64-baseline": "1.1.18",
        "@oven/bun-linux-aarch64": "1.1.18",
        "@oven/bun-linux-x64": "1.1.18",
        "@oven/bun-linux-x64-baseline": "1.1.18",
        "@oven/bun-windows-x64": "1.1.18",
        "@oven/bun-windows-x64-baseline": "1.1.18"
      }
    },
    "node_modules/bun-types": {
      "version": "1.1.17",
      "resolved": "https://registry.npmjs.org/bun-types/-/bun-types-1.1.17.tgz",
      "integrity": "sha512-Z4+OplcSd/YZq7ZsrfD00DKJeCwuNY96a1IDJyR73+cTBaFIS7SC6LhpY/W3AMEXO9iYq5NJ58WAwnwL1p5vKg==",
      "dev": true,
      "dependencies": {
        "@types/node": "~20.12.8",
        "@types/ws": "~8.5.10"
      }
    },
    "node_modules/typescript": {
      "version": "5.5.3",
      "resolved": "https://registry.npmjs.org/typescript/-/typescript-5.5.3.tgz",
      "integrity": "sha512-/hreyEujaB0w76zKo6717l3L0o/qEUtRgdvUBvlkhoWeOVMjMuHNHk0BRBzikzuGDqNmPQbg5ifMEqsHLiIUcQ==",
      "peer": true,
      "bin": {
        "tsc": "bin/tsc",
        "tsserver": "bin/tsserver"
      },
      "engines": {
        "node": ">=14.17"
      }
    },
    "node_modules/undici-types": {
      "version": "5.26.5",
      "resolved": "https://registry.npmjs.org/undici-types/-/undici-types-5.26.5.tgz",
      "integrity": "sha512-JlCMO+ehdEIKqlFxk6IfVoAUVmgz7cU7zD/h9XZ0qzeosSHmUJVOzSQvvYSYWXkFXC+IfLKSIffhv0sVZup6pA==",
      "dev": true
    },
    "node_modules/zod": {
      "version": "3.23.8",
      "resolved": "https://registry.npmjs.org/zod/-/zod-3.23.8.tgz",
      "integrity": "sha512-XBx9AXhXktjUqnepgTiE5flcKIYWi/rme0Eaj+5Y0lftuGBq+jyRu/md4WnuxqgP1ubdpNCsYEYPxrzVHD8d6g==",
      "funding": {
        "url": "https://github.com/sponsors/colinhacks"
      }
    }
  }
}
